
Microsoft Visual Studio Solution File, Format Version 12.00
# Visual Studio 2012
Project("{FAE04EC0-301F-11D3-BF4B-00C04F79EFBC}") = "SatelliteDataPolling", "NDMIIPAT\SatelliteDataPolling\SatelliteDataPolling.csproj", "{5D2E612B-7942-45F7-9CDF-29F3A82FDF7D}"
EndProject
Project("{FAE04EC0-301F-11D3-BF4B-00C04F79EFBC}") = "ShapeFileControl", "NDMIIPAT\ShapeFileControl\ShapeFileControl.csproj", "{0A32BD09-23F4-4A1F-998C-085A334C140C}"
EndProject
Project("{FAE04EC0-301F-11D3-BF4B-00C04F79EFBC}") = "IMG_Converter", "NDMIIPAT\IMG_Converter\IMG_Converter.csproj", "{65430D3E-332D-4FBE-9528-DDA0AA44E1B5}"
EndProject
Project("{FAE04EC0-301F-11D3-BF4B-00C04F79EFBC}") = "FileChecker", "NDMIIPAT\FileChecker\FileChecker.csproj", "{9AC359C6-AF1A-4E94-9CA0-0E3F38139EFB}"
EndProject
Project("{FAE04EC0-301F-11D3-BF4B-00C04F79EFBC}") = "Module", "NDMIIPAT\Module\Module.csproj", "{B1CCE4EA-31E5-4083-BA74-3CFF1967E718}"
EndProject
Project("{2150E333-8FDC-42A3-9474-1A3956D46DE8}") = "IPAT", "IPAT", "{AC79C03D-366A-455C-91EB-0FC572285565}"
EndProject
Project("{2150E333-8FDC-42A3-9474-1A3956D46DE8}") = "Extra", "Extra", "{A9586DFF-59A6-4804-89B8-37B9CC3046E4}"
EndProject
Project("{FAE04EC0-301F-11D3-BF4B-00C04F79EFBC}") = "GPM", "NDMIIPAT\GPM\GPM.csproj", "{CFC2C630-CFA5-4A59-9AAD-EFD0BB4AD0F7}"
EndProject
Global
	GlobalSection(SolutionConfigurationPlatforms) = preSolution
		Debug|Any CPU = Debug|Any CPU
		Release|Any CPU = Release|Any CPU
	EndGlobalSection
	GlobalSection(ProjectConfigurationPlatforms) = postSolution
		{5D2E612B-7942-45F7-9CDF-29F3A82FDF7D}.Debug|Any CPU.ActiveCfg = Debug|Any CPU
		{5D2E612B-7942-45F7-9CDF-29F3A82FDF7D}.Debug|Any CPU.Build.0 = Debug|Any CPU
		{5D2E612B-7942-45F7-9CDF-29F3A82FDF7D}.Release|Any CPU.ActiveCfg = Release|Any CPU
		{5D2E612B-7942-45F7-9CDF-29F3A82FDF7D}.Release|Any CPU.Build.0 = Release|Any CPU
		{0A32BD09-23F4-4A1F-998C-085A334C140C}.Debug|Any CPU.ActiveCfg = Debug|Any CPU
		{0A32BD09-23F4-4A1F-998C-085A334C140C}.Debug|Any CPU.Build.0 = Debug|Any CPU
		{0A32BD09-23F4-4A1F-998C-085A334C140C}.Release|Any CPU.ActiveCfg = Release|Any CPU
		{0A32BD09-23F4-4A1F-998C-085A334C140C}.Release|Any CPU.Build.0 = Release|Any CPU
		{65430D3E-332D-4FBE-9528-DDA0AA44E1B5}.Debug|Any CPU.ActiveCfg = Debug|Any CPU
		{65430D3E-332D-4FBE-9528-DDA0AA44E1B5}.Debug|Any CPU.Build.0 = Debug|Any CPU
		{65430D3E-332D-4FBE-9528-DDA0AA44E1B5}.Release|Any CPU.ActiveCfg = Release|Any CPU
		{65430D3E-332D-4FBE-9528-DDA0AA44E1B5}.Release|Any CPU.Build.0 = Release|Any CPU
		{9AC359C6-AF1A-4E94-9CA0-0E3F38139EFB}.Debug|Any CPU.ActiveCfg = Debug|Any CPU
		{9AC359C6-AF1A-4E94-9CA0-0E3F38139EFB}.Debug|Any CPU.Build.0 = Debug|Any CPU
		{9AC359C6-AF1A-4E94-9CA0-0E3F38139EFB}.Release|Any CPU.ActiveCfg = Release|Any CPU
		{9AC359C6-AF1A-4E94-9CA0-0E3F38139EFB}.Release|Any CPU.Build.0 = Release|Any CPU
		{B1CCE4EA-31E5-4083-BA74-3CFF1967E718}.Debug|Any CPU.ActiveCfg = Debug|Any CPU
		{B1CCE4EA-31E5-4083-BA74-3CFF1967E718}.Debug|Any CPU.Build.0 = Debug|Any CPU
		{B1CCE4EA-31E5-4083-BA74-3CFF1967E718}.Release|Any CPU.ActiveCfg = Release|Any CPU
		{B1CCE4EA-31E5-4083-BA74-3CFF1967E718}.Release|Any CPU.Build.0 = Release|Any CPU
		{CFC2C630-CFA5-4A59-9AAD-EFD0BB4AD0F7}.Debug|Any CPU.ActiveCfg = Debug|Any CPU
		{CFC2C630-CFA5-4A59-9AAD-EFD0BB4AD0F7}.Debug|Any CPU.Build.0 = Debug|Any CPU
		{CFC2C630-CFA5-4A59-9AAD-EFD0BB4AD0F7}.Release|Any CPU.ActiveCfg = Release|Any CPU
		{CFC2C630-CFA5-4A59-9AAD-EFD0BB4AD0F7}.Release|Any CPU.Build.0 = Release|Any CPU
	EndGlobalSection
	GlobalSection(SolutionProperties) = preSolution
		HideSolutionNode = FALSE
	EndGlobalSection
	GlobalSection(NestedProjects) = preSolution
		{65430D3E-332D-4FBE-9528-DDA0AA44E1B5} = {AC79C03D-366A-455C-91EB-0FC572285565}
		{B1CCE4EA-31E5-4083-BA74-3CFF1967E718} = {AC79C03D-366A-455C-91EB-0FC572285565}
		{5D2E612B-7942-45F7-9CDF-29F3A82FDF7D} = {AC79C03D-366A-455C-91EB-0FC572285565}
		{CFC2C630-CFA5-4A59-9AAD-EFD0BB4AD0F7} = {AC79C03D-366A-455C-91EB-0FC572285565}
		{9AC359C6-AF1A-4E94-9CA0-0E3F38139EFB} = {A9586DFF-59A6-4804-89B8-37B9CC3046E4}
		{0A32BD09-23F4-4A1F-998C-085A334C140C} = {A9586DFF-59A6-4804-89B8-37B9CC3046E4}
	EndGlobalSection
EndGlobal
